// !$*UTF8*$!
{
	archiveVersion = 1;
	classes = {
	};
	objectVersion = 56;
	objects = {

/* Begin PBXBuildFile section */
		C423D13C2C1F2232001CE395 /* EmptyView.swift in Sources */ = {isa = PBXBuildFile; fileRef = C423D13B2C1F2232001CE395 /* EmptyView.swift */; };
		C423D13E2C1F3178001CE395 /* Search.swift in Sources */ = {isa = PBXBuildFile; fileRef = C423D13D2C1F3178001CE395 /* Search.swift */; };
		C423D1402C1F3269001CE395 /* SearchItemTableViewCell.swift in Sources */ = {isa = PBXBuildFile; fileRef = C423D13F2C1F3269001CE395 /* SearchItemTableViewCell.swift */; };
		C423D1422C1F3FA5001CE395 /* SearchItemHeaderTableViewCell.swift in Sources */ = {isa = PBXBuildFile; fileRef = C423D1412C1F3FA5001CE395 /* SearchItemHeaderTableViewCell.swift */; };
		C423D16E2C207C04001CE395 /* API.swift in Sources */ = {isa = PBXBuildFile; fileRef = C423D16D2C207C04001CE395 /* API.swift */; };
		C423D1712C207E0D001CE395 /* Alamofire in Frameworks */ = {isa = PBXBuildFile; productRef = C423D1702C207E0D001CE395 /* Alamofire */; };
		C423D1732C207E5B001CE395 /* SearchResultViewController.swift in Sources */ = {isa = PBXBuildFile; fileRef = C423D1722C207E5B001CE395 /* SearchResultViewController.swift */; };
		C423D1752C2096C5001CE395 /* SearchResultCollectionViewCell.swift in Sources */ = {isa = PBXBuildFile; fileRef = C423D1742C2096C5001CE395 /* SearchResultCollectionViewCell.swift */; };
		C423D1782C209E3D001CE395 /* Kingfisher in Frameworks */ = {isa = PBXBuildFile; productRef = C423D1772C209E3D001CE395 /* Kingfisher */; };
		C423D17A2C21085C001CE395 /* SearchResultDetailViewController.swift in Sources */ = {isa = PBXBuildFile; fileRef = C423D1792C21085C001CE395 /* SearchResultDetailViewController.swift */; };
		C48B99E02C1AEE5300A3EC84 /* AppDelegate.swift in Sources */ = {isa = PBXBuildFile; fileRef = C48B99DF2C1AEE5300A3EC84 /* AppDelegate.swift */; };
		C48B99E22C1AEE5300A3EC84 /* SceneDelegate.swift in Sources */ = {isa = PBXBuildFile; fileRef = C48B99E12C1AEE5300A3EC84 /* SceneDelegate.swift */; };
		C48B99E92C1AEE5400A3EC84 /* Assets.xcassets in Resources */ = {isa = PBXBuildFile; fileRef = C48B99E82C1AEE5400A3EC84 /* Assets.xcassets */; };
		C48B99EC2C1AEE5400A3EC84 /* Base in Resources */ = {isa = PBXBuildFile; fileRef = C48B99EB2C1AEE5400A3EC84 /* Base */; };
		C48B99F42C1AEEC000A3EC84 /* .gitignore in Resources */ = {isa = PBXBuildFile; fileRef = C48B99F32C1AEEC000A3EC84 /* .gitignore */; };
		C48B9A1F2C1B4A3D00A3EC84 /* OnboardingViewController.swift in Sources */ = {isa = PBXBuildFile; fileRef = C48B9A1E2C1B4A3D00A3EC84 /* OnboardingViewController.swift */; };
		C48B9A222C1B4E7400A3EC84 /* PointButton.swift in Sources */ = {isa = PBXBuildFile; fileRef = C48B9A212C1B4E7400A3EC84 /* PointButton.swift */; };
		C48B9A252C1B4EC100A3EC84 /* Constants.swift in Sources */ = {isa = PBXBuildFile; fileRef = C48B9A242C1B4EC100A3EC84 /* Constants.swift */; };
		C48B9A282C1B4F6200A3EC84 /* Resource.swift in Sources */ = {isa = PBXBuildFile; fileRef = C48B9A272C1B4F6200A3EC84 /* Resource.swift */; };
		C48B9A2B2C1B4FC800A3EC84 /* UIColor+Extension.swift in Sources */ = {isa = PBXBuildFile; fileRef = C48B9A2A2C1B4FC800A3EC84 /* UIColor+Extension.swift */; };
		C48B9A2E2C1B537800A3EC84 /* SnapKit in Frameworks */ = {isa = PBXBuildFile; productRef = C48B9A2D2C1B537800A3EC84 /* SnapKit */; };
		C48B9A332C1B601000A3EC84 /* ProfileNicknameViewController.swift in Sources */ = {isa = PBXBuildFile; fileRef = C48B9A322C1B601000A3EC84 /* ProfileNicknameViewController.swift */; };
		C48B9A372C1B616800A3EC84 /* UIViewController+Extension.swift in Sources */ = {isa = PBXBuildFile; fileRef = C48B9A362C1B616800A3EC84 /* UIViewController+Extension.swift */; };
		C48B9A3A2C1B6D5300A3EC84 /* TextFieldEffects in Frameworks */ = {isa = PBXBuildFile; productRef = C48B9A392C1B6D5300A3EC84 /* TextFieldEffects */; };
		C48B9A3C2C1BF77300A3EC84 /* ProfileImageViewController.swift in Sources */ = {isa = PBXBuildFile; fileRef = C48B9A3B2C1BF77300A3EC84 /* ProfileImageViewController.swift */; };
		C48B9A402C1C016F00A3EC84 /* TextFieldEffects+Extension.swift in Sources */ = {isa = PBXBuildFile; fileRef = C48B9A3F2C1C016F00A3EC84 /* TextFieldEffects+Extension.swift */; };
		C48B9A432C1C1C2C00A3EC84 /* Utils.swift in Sources */ = {isa = PBXBuildFile; fileRef = C48B9A422C1C1C2C00A3EC84 /* Utils.swift */; };
		C48B9A462C1C206600A3EC84 /* User.swift in Sources */ = {isa = PBXBuildFile; fileRef = C48B9A452C1C206600A3EC84 /* User.swift */; };
		C48B9A4A2C1C29FE00A3EC84 /* ProfileImageCollectionViewCell.swift in Sources */ = {isa = PBXBuildFile; fileRef = C48B9A492C1C29FE00A3EC84 /* ProfileImageCollectionViewCell.swift */; };
		C48B9A4D2C1C2A3A00A3EC84 /* ReuseableProtocol.swift in Sources */ = {isa = PBXBuildFile; fileRef = C48B9A4C2C1C2A3A00A3EC84 /* ReuseableProtocol.swift */; };
		C48B9A502C1C5AA800A3EC84 /* SearchViewController.swift in Sources */ = {isa = PBXBuildFile; fileRef = C48B9A4F2C1C5AA800A3EC84 /* SearchViewController.swift */; };
		C48B9A532C1C671200A3EC84 /* SettingViewController.swift in Sources */ = {isa = PBXBuildFile; fileRef = C48B9A522C1C671200A3EC84 /* SettingViewController.swift */; };
		C48B9A552C1C733700A3EC84 /* UITabBarController+Extension.swift in Sources */ = {isa = PBXBuildFile; fileRef = C48B9A542C1C733600A3EC84 /* UITabBarController+Extension.swift */; };
		C48B9A572C1C76DF00A3EC84 /* SettingProfileTableViewCell.swift in Sources */ = {isa = PBXBuildFile; fileRef = C48B9A562C1C76DF00A3EC84 /* SettingProfileTableViewCell.swift */; };
		C48B9A592C1C771000A3EC84 /* SettingMenuTableViewCell.swift in Sources */ = {isa = PBXBuildFile; fileRef = C48B9A582C1C771000A3EC84 /* SettingMenuTableViewCell.swift */; };
		C48B9A5B2C1CAE2800A3EC84 /* EditNicknameViewController.swift in Sources */ = {isa = PBXBuildFile; fileRef = C48B9A5A2C1CAE2800A3EC84 /* EditNicknameViewController.swift */; };
		C48B9A5D2C1DAEA300A3EC84 /* UserDefaultsManager.swift in Sources */ = {isa = PBXBuildFile; fileRef = C48B9A5C2C1DAEA300A3EC84 /* UserDefaultsManager.swift */; };
		C48B9A612C1DFD5A00A3EC84 /* EditProfileImageViewController.swift in Sources */ = {isa = PBXBuildFile; fileRef = C48B9A602C1DFD5A00A3EC84 /* EditProfileImageViewController.swift */; };
		C4A52AD62C26E6D50013BCDF /* NetworkManager.swift in Sources */ = {isa = PBXBuildFile; fileRef = C4A52AD52C26E6D50013BCDF /* NetworkManager.swift */; };
		C4A52AD92C270B870013BCDF /* UIButton+Extension.swift in Sources */ = {isa = PBXBuildFile; fileRef = C4A52AD82C270B870013BCDF /* UIButton+Extension.swift */; };
/* End PBXBuildFile section */

/* Begin PBXFileReference section */
		C423D13B2C1F2232001CE395 /* EmptyView.swift */ = {isa = PBXFileReference; lastKnownFileType = sourcecode.swift; path = EmptyView.swift; sourceTree = "<group>"; };
		C423D13D2C1F3178001CE395 /* Search.swift */ = {isa = PBXFileReference; lastKnownFileType = sourcecode.swift; path = Search.swift; sourceTree = "<group>"; };
		C423D13F2C1F3269001CE395 /* SearchItemTableViewCell.swift */ = {isa = PBXFileReference; lastKnownFileType = sourcecode.swift; path = SearchItemTableViewCell.swift; sourceTree = "<group>"; };
		C423D1412C1F3FA5001CE395 /* SearchItemHeaderTableViewCell.swift */ = {isa = PBXFileReference; lastKnownFileType = sourcecode.swift; path = SearchItemHeaderTableViewCell.swift; sourceTree = "<group>"; };
		C423D16D2C207C04001CE395 /* API.swift */ = {isa = PBXFileReference; lastKnownFileType = sourcecode.swift; path = API.swift; sourceTree = "<group>"; };
		C423D1722C207E5B001CE395 /* SearchResultViewController.swift */ = {isa = PBXFileReference; lastKnownFileType = sourcecode.swift; path = SearchResultViewController.swift; sourceTree = "<group>"; };
		C423D1742C2096C5001CE395 /* SearchResultCollectionViewCell.swift */ = {isa = PBXFileReference; lastKnownFileType = sourcecode.swift; path = SearchResultCollectionViewCell.swift; sourceTree = "<group>"; };
		C423D1792C21085C001CE395 /* SearchResultDetailViewController.swift */ = {isa = PBXFileReference; lastKnownFileType = sourcecode.swift; path = SearchResultDetailViewController.swift; sourceTree = "<group>"; };
		C48B99DC2C1AEE5300A3EC84 /* meaning-out.app */ = {isa = PBXFileReference; explicitFileType = wrapper.application; includeInIndex = 0; path = "meaning-out.app"; sourceTree = BUILT_PRODUCTS_DIR; };
		C48B99DF2C1AEE5300A3EC84 /* AppDelegate.swift */ = {isa = PBXFileReference; lastKnownFileType = sourcecode.swift; path = AppDelegate.swift; sourceTree = "<group>"; };
		C48B99E12C1AEE5300A3EC84 /* SceneDelegate.swift */ = {isa = PBXFileReference; lastKnownFileType = sourcecode.swift; path = SceneDelegate.swift; sourceTree = "<group>"; };
		C48B99E82C1AEE5400A3EC84 /* Assets.xcassets */ = {isa = PBXFileReference; lastKnownFileType = folder.assetcatalog; path = Assets.xcassets; sourceTree = "<group>"; };
		C48B99EB2C1AEE5400A3EC84 /* Base */ = {isa = PBXFileReference; lastKnownFileType = file.storyboard; name = Base; path = Base.lproj/LaunchScreen.storyboard; sourceTree = "<group>"; };
		C48B99ED2C1AEE5400A3EC84 /* Info.plist */ = {isa = PBXFileReference; lastKnownFileType = text.plist.xml; path = Info.plist; sourceTree = "<group>"; };
		C48B99F32C1AEEC000A3EC84 /* .gitignore */ = {isa = PBXFileReference; lastKnownFileType = text; path = .gitignore; sourceTree = "<group>"; };
		C48B99F52C1AEED200A3EC84 /* README.md */ = {isa = PBXFileReference; lastKnownFileType = net.daringfireball.markdown; path = README.md; sourceTree = "<group>"; };
		C48B9A1E2C1B4A3D00A3EC84 /* OnboardingViewController.swift */ = {isa = PBXFileReference; lastKnownFileType = sourcecode.swift; path = OnboardingViewController.swift; sourceTree = "<group>"; };
		C48B9A212C1B4E7400A3EC84 /* PointButton.swift */ = {isa = PBXFileReference; lastKnownFileType = sourcecode.swift; path = PointButton.swift; sourceTree = "<group>"; };
		C48B9A242C1B4EC100A3EC84 /* Constants.swift */ = {isa = PBXFileReference; lastKnownFileType = sourcecode.swift; path = Constants.swift; sourceTree = "<group>"; };
		C48B9A272C1B4F6200A3EC84 /* Resource.swift */ = {isa = PBXFileReference; lastKnownFileType = sourcecode.swift; path = Resource.swift; sourceTree = "<group>"; };
		C48B9A2A2C1B4FC800A3EC84 /* UIColor+Extension.swift */ = {isa = PBXFileReference; lastKnownFileType = sourcecode.swift; path = "UIColor+Extension.swift"; sourceTree = "<group>"; };
		C48B9A322C1B601000A3EC84 /* ProfileNicknameViewController.swift */ = {isa = PBXFileReference; lastKnownFileType = sourcecode.swift; path = ProfileNicknameViewController.swift; sourceTree = "<group>"; };
		C48B9A362C1B616800A3EC84 /* UIViewController+Extension.swift */ = {isa = PBXFileReference; lastKnownFileType = sourcecode.swift; path = "UIViewController+Extension.swift"; sourceTree = "<group>"; };
		C48B9A3B2C1BF77300A3EC84 /* ProfileImageViewController.swift */ = {isa = PBXFileReference; lastKnownFileType = sourcecode.swift; path = ProfileImageViewController.swift; sourceTree = "<group>"; };
		C48B9A3F2C1C016F00A3EC84 /* TextFieldEffects+Extension.swift */ = {isa = PBXFileReference; lastKnownFileType = sourcecode.swift; path = "TextFieldEffects+Extension.swift"; sourceTree = "<group>"; };
		C48B9A422C1C1C2C00A3EC84 /* Utils.swift */ = {isa = PBXFileReference; lastKnownFileType = sourcecode.swift; path = Utils.swift; sourceTree = "<group>"; };
		C48B9A452C1C206600A3EC84 /* User.swift */ = {isa = PBXFileReference; lastKnownFileType = sourcecode.swift; path = User.swift; sourceTree = "<group>"; };
		C48B9A492C1C29FE00A3EC84 /* ProfileImageCollectionViewCell.swift */ = {isa = PBXFileReference; lastKnownFileType = sourcecode.swift; path = ProfileImageCollectionViewCell.swift; sourceTree = "<group>"; };
		C48B9A4C2C1C2A3A00A3EC84 /* ReuseableProtocol.swift */ = {isa = PBXFileReference; lastKnownFileType = sourcecode.swift; path = ReuseableProtocol.swift; sourceTree = "<group>"; };
		C48B9A4F2C1C5AA800A3EC84 /* SearchViewController.swift */ = {isa = PBXFileReference; lastKnownFileType = sourcecode.swift; path = SearchViewController.swift; sourceTree = "<group>"; };
		C48B9A522C1C671200A3EC84 /* SettingViewController.swift */ = {isa = PBXFileReference; lastKnownFileType = sourcecode.swift; path = SettingViewController.swift; sourceTree = "<group>"; };
		C48B9A542C1C733600A3EC84 /* UITabBarController+Extension.swift */ = {isa = PBXFileReference; lastKnownFileType = sourcecode.swift; path = "UITabBarController+Extension.swift"; sourceTree = "<group>"; };
		C48B9A562C1C76DF00A3EC84 /* SettingProfileTableViewCell.swift */ = {isa = PBXFileReference; lastKnownFileType = sourcecode.swift; path = SettingProfileTableViewCell.swift; sourceTree = "<group>"; };
		C48B9A582C1C771000A3EC84 /* SettingMenuTableViewCell.swift */ = {isa = PBXFileReference; lastKnownFileType = sourcecode.swift; path = SettingMenuTableViewCell.swift; sourceTree = "<group>"; };
		C48B9A5A2C1CAE2800A3EC84 /* EditNicknameViewController.swift */ = {isa = PBXFileReference; lastKnownFileType = sourcecode.swift; path = EditNicknameViewController.swift; sourceTree = "<group>"; };
		C48B9A5C2C1DAEA300A3EC84 /* UserDefaultsManager.swift */ = {isa = PBXFileReference; lastKnownFileType = sourcecode.swift; path = UserDefaultsManager.swift; sourceTree = "<group>"; };
		C48B9A602C1DFD5A00A3EC84 /* EditProfileImageViewController.swift */ = {isa = PBXFileReference; lastKnownFileType = sourcecode.swift; path = EditProfileImageViewController.swift; sourceTree = "<group>"; };
		C4A52AD52C26E6D50013BCDF /* NetworkManager.swift */ = {isa = PBXFileReference; lastKnownFileType = sourcecode.swift; path = NetworkManager.swift; sourceTree = "<group>"; };
		C4A52AD82C270B870013BCDF /* UIButton+Extension.swift */ = {isa = PBXFileReference; lastKnownFileType = sourcecode.swift; path = "UIButton+Extension.swift"; sourceTree = "<group>"; };
/* End PBXFileReference section */

/* Begin PBXFrameworksBuildPhase section */
		C48B99D92C1AEE5300A3EC84 /* Frameworks */ = {
			isa = PBXFrameworksBuildPhase;
			buildActionMask = 2147483647;
			files = (
				C423D1782C209E3D001CE395 /* Kingfisher in Frameworks */,
				C423D1712C207E0D001CE395 /* Alamofire in Frameworks */,
				C48B9A2E2C1B537800A3EC84 /* SnapKit in Frameworks */,
				C48B9A3A2C1B6D5300A3EC84 /* TextFieldEffects in Frameworks */,
			);
			runOnlyForDeploymentPostprocessing = 0;
		};
/* End PBXFrameworksBuildPhase section */

/* Begin PBXGroup section */
		C48B99D32C1AEE5300A3EC84 = {
			isa = PBXGroup;
			children = (
				C48B99F52C1AEED200A3EC84 /* README.md */,
				C48B99F32C1AEEC000A3EC84 /* .gitignore */,
				C48B99DE2C1AEE5300A3EC84 /* meaning-out */,
				C48B99DD2C1AEE5300A3EC84 /* Products */,
			);
			sourceTree = "<group>";
		};
		C48B99DD2C1AEE5300A3EC84 /* Products */ = {
			isa = PBXGroup;
			children = (
				C48B99DC2C1AEE5300A3EC84 /* meaning-out.app */,
			);
			name = Products;
			sourceTree = "<group>";
		};
		C48B99DE2C1AEE5300A3EC84 /* meaning-out */ = {
			isa = PBXGroup;
			children = (
				C4A52AD72C26FD500013BCDF /* API */,
				C4A52AD42C26E6C50013BCDF /* Managers */,
				C48B9A442C1C202400A3EC84 /* Model */,
				C48B9A262C1B4F1700A3EC84 /* Common */,
				C48B9A4B2C1C2A1400A3EC84 /* Protocol */,
				C48B9A292C1B4FB700A3EC84 /* Extension */,
				C48B9A472C1C29C900A3EC84 /* Components */,
				C48B9A2F2C1B5EC500A3EC84 /* Controllers */,
				C48B9A412C1C1C1E00A3EC84 /* Utils */,
				C48B99DF2C1AEE5300A3EC84 /* AppDelegate.swift */,
				C48B99E12C1AEE5300A3EC84 /* SceneDelegate.swift */,
				C48B99E82C1AEE5400A3EC84 /* Assets.xcassets */,
				C48B99EA2C1AEE5400A3EC84 /* LaunchScreen.storyboard */,
				C48B99ED2C1AEE5400A3EC84 /* Info.plist */,
			);
			path = "meaning-out";
			sourceTree = "<group>";
		};
		C48B9A202C1B4DF500A3EC84 /* CustomViews */ = {
			isa = PBXGroup;
			children = (
				C48B9A212C1B4E7400A3EC84 /* PointButton.swift */,
				C423D13B2C1F2232001CE395 /* EmptyView.swift */,
			);
			path = CustomViews;
			sourceTree = "<group>";
		};
		C48B9A262C1B4F1700A3EC84 /* Common */ = {
			isa = PBXGroup;
			children = (
				C48B9A242C1B4EC100A3EC84 /* Constants.swift */,
				C48B9A272C1B4F6200A3EC84 /* Resource.swift */,
			);
			path = Common;
			sourceTree = "<group>";
		};
		C48B9A292C1B4FB700A3EC84 /* Extension */ = {
			isa = PBXGroup;
			children = (
				C48B9A2A2C1B4FC800A3EC84 /* UIColor+Extension.swift */,
				C48B9A362C1B616800A3EC84 /* UIViewController+Extension.swift */,
				C48B9A3F2C1C016F00A3EC84 /* TextFieldEffects+Extension.swift */,
				C48B9A542C1C733600A3EC84 /* UITabBarController+Extension.swift */,
				C4A52AD82C270B870013BCDF /* UIButton+Extension.swift */,
			);
			path = Extension;
			sourceTree = "<group>";
		};
		C48B9A2F2C1B5EC500A3EC84 /* Controllers */ = {
			isa = PBXGroup;
			children = (
				C48B9A302C1B5EE000A3EC84 /* Onboarding */,
				C48B9A312C1B5F6100A3EC84 /* ProfileNicknameImage */,
				C48B9A4E2C1C5A8A00A3EC84 /* Search */,
				C48B9A512C1C649600A3EC84 /* Setting */,
			);
			path = Controllers;
			sourceTree = "<group>";
		};
		C48B9A302C1B5EE000A3EC84 /* Onboarding */ = {
			isa = PBXGroup;
			children = (
				C48B9A1E2C1B4A3D00A3EC84 /* OnboardingViewController.swift */,
			);
			path = Onboarding;
			sourceTree = "<group>";
		};
		C48B9A312C1B5F6100A3EC84 /* ProfileNicknameImage */ = {
			isa = PBXGroup;
			children = (
				C48B9A322C1B601000A3EC84 /* ProfileNicknameViewController.swift */,
				C48B9A3B2C1BF77300A3EC84 /* ProfileImageViewController.swift */,
			);
			path = ProfileNicknameImage;
			sourceTree = "<group>";
		};
		C48B9A412C1C1C1E00A3EC84 /* Utils */ = {
			isa = PBXGroup;
			children = (
				C48B9A422C1C1C2C00A3EC84 /* Utils.swift */,
			);
			path = Utils;
			sourceTree = "<group>";
		};
		C48B9A442C1C202400A3EC84 /* Model */ = {
			isa = PBXGroup;
			children = (
				C48B9A452C1C206600A3EC84 /* User.swift */,
				C423D13D2C1F3178001CE395 /* Search.swift */,
			);
			path = Model;
			sourceTree = "<group>";
		};
		C48B9A472C1C29C900A3EC84 /* Components */ = {
			isa = PBXGroup;
			children = (
				C48B9A202C1B4DF500A3EC84 /* CustomViews */,
				C48B9A482C1C29D600A3EC84 /* Cells */,
			);
			path = Components;
			sourceTree = "<group>";
		};
		C48B9A482C1C29D600A3EC84 /* Cells */ = {
			isa = PBXGroup;
			children = (
				C48B9A492C1C29FE00A3EC84 /* ProfileImageCollectionViewCell.swift */,
				C48B9A562C1C76DF00A3EC84 /* SettingProfileTableViewCell.swift */,
				C48B9A582C1C771000A3EC84 /* SettingMenuTableViewCell.swift */,
				C423D1412C1F3FA5001CE395 /* SearchItemHeaderTableViewCell.swift */,
				C423D13F2C1F3269001CE395 /* SearchItemTableViewCell.swift */,
				C423D1742C2096C5001CE395 /* SearchResultCollectionViewCell.swift */,
			);
			path = Cells;
			sourceTree = "<group>";
		};
		C48B9A4B2C1C2A1400A3EC84 /* Protocol */ = {
			isa = PBXGroup;
			children = (
				C48B9A4C2C1C2A3A00A3EC84 /* ReuseableProtocol.swift */,
			);
			path = Protocol;
			sourceTree = "<group>";
		};
		C48B9A4E2C1C5A8A00A3EC84 /* Search */ = {
			isa = PBXGroup;
			children = (
				C48B9A4F2C1C5AA800A3EC84 /* SearchViewController.swift */,
				C423D1722C207E5B001CE395 /* SearchResultViewController.swift */,
				C423D1792C21085C001CE395 /* SearchResultDetailViewController.swift */,
			);
			path = Search;
			sourceTree = "<group>";
		};
		C48B9A512C1C649600A3EC84 /* Setting */ = {
			isa = PBXGroup;
			children = (
				C48B9A522C1C671200A3EC84 /* SettingViewController.swift */,
				C48B9A5A2C1CAE2800A3EC84 /* EditNicknameViewController.swift */,
				C48B9A602C1DFD5A00A3EC84 /* EditProfileImageViewController.swift */,
			);
			path = Setting;
			sourceTree = "<group>";
		};
		C4A52AD42C26E6C50013BCDF /* Managers */ = {
			isa = PBXGroup;
			children = (
				C4A52AD52C26E6D50013BCDF /* NetworkManager.swift */,
				C48B9A5C2C1DAEA300A3EC84 /* UserDefaultsManager.swift */,
			);
			path = Managers;
			sourceTree = "<group>";
		};
		C4A52AD72C26FD500013BCDF /* API */ = {
			isa = PBXGroup;
			children = (
				C423D16D2C207C04001CE395 /* API.swift */,
			);
			path = API;
			sourceTree = "<group>";
		};
/* End PBXGroup section */

/* Begin PBXNativeTarget section */
		C48B99DB2C1AEE5300A3EC84 /* meaning-out */ = {
			isa = PBXNativeTarget;
			buildConfigurationList = C48B99F02C1AEE5400A3EC84 /* Build configuration list for PBXNativeTarget "meaning-out" */;
			buildPhases = (
				C48B99D82C1AEE5300A3EC84 /* Sources */,
				C48B99D92C1AEE5300A3EC84 /* Frameworks */,
				C48B99DA2C1AEE5300A3EC84 /* Resources */,
			);
			buildRules = (
			);
			dependencies = (
			);
			name = "meaning-out";
			packageProductDependencies = (
				C48B9A2D2C1B537800A3EC84 /* SnapKit */,
				C48B9A392C1B6D5300A3EC84 /* TextFieldEffects */,
				C423D1702C207E0D001CE395 /* Alamofire */,
				C423D1772C209E3D001CE395 /* Kingfisher */,
			);
			productName = "meaning-out";
			productReference = C48B99DC2C1AEE5300A3EC84 /* meaning-out.app */;
			productType = "com.apple.product-type.application";
		};
/* End PBXNativeTarget section */

/* Begin PBXProject section */
		C48B99D42C1AEE5300A3EC84 /* Project object */ = {
			isa = PBXProject;
			attributes = {
				BuildIndependentTargetsInParallel = 1;
				LastSwiftUpdateCheck = 1540;
				LastUpgradeCheck = 1540;
				TargetAttributes = {
					C48B99DB2C1AEE5300A3EC84 = {
						CreatedOnToolsVersion = 15.4;
					};
				};
			};
			buildConfigurationList = C48B99D72C1AEE5300A3EC84 /* Build configuration list for PBXProject "meaning-out" */;
			compatibilityVersion = "Xcode 14.0";
			developmentRegion = en;
			hasScannedForEncodings = 0;
			knownRegions = (
				en,
				Base,
			);
			mainGroup = C48B99D32C1AEE5300A3EC84;
			packageReferences = (
				C48B9A2C2C1B537800A3EC84 /* XCRemoteSwiftPackageReference "SnapKit" */,
				C48B9A382C1B6D5300A3EC84 /* XCRemoteSwiftPackageReference "TextFieldEffects" */,
				C423D16F2C207E0D001CE395 /* XCRemoteSwiftPackageReference "Alamofire" */,
				C423D1762C209E3D001CE395 /* XCRemoteSwiftPackageReference "Kingfisher" */,
			);
			productRefGroup = C48B99DD2C1AEE5300A3EC84 /* Products */;
			projectDirPath = "";
			projectRoot = "";
			targets = (
				C48B99DB2C1AEE5300A3EC84 /* meaning-out */,
			);
		};
/* End PBXProject section */

/* Begin PBXResourcesBuildPhase section */
		C48B99DA2C1AEE5300A3EC84 /* Resources */ = {
			isa = PBXResourcesBuildPhase;
			buildActionMask = 2147483647;
			files = (
				C48B99F42C1AEEC000A3EC84 /* .gitignore in Resources */,
				C48B99E92C1AEE5400A3EC84 /* Assets.xcassets in Resources */,
				C48B99EC2C1AEE5400A3EC84 /* Base in Resources */,
			);
			runOnlyForDeploymentPostprocessing = 0;
		};
/* End PBXResourcesBuildPhase section */

/* Begin PBXSourcesBuildPhase section */
		C48B99D82C1AEE5300A3EC84 /* Sources */ = {
			isa = PBXSourcesBuildPhase;
			buildActionMask = 2147483647;
			files = (
				C48B99E02C1AEE5300A3EC84 /* AppDelegate.swift in Sources */,
				C423D13E2C1F3178001CE395 /* Search.swift in Sources */,
				C48B9A5B2C1CAE2800A3EC84 /* EditNicknameViewController.swift in Sources */,
				C48B9A332C1B601000A3EC84 /* ProfileNicknameViewController.swift in Sources */,
				C48B99E22C1AEE5300A3EC84 /* SceneDelegate.swift in Sources */,
				C48B9A282C1B4F6200A3EC84 /* Resource.swift in Sources */,
				C423D1402C1F3269001CE395 /* SearchItemTableViewCell.swift in Sources */,
				C423D17A2C21085C001CE395 /* SearchResultDetailViewController.swift in Sources */,
				C48B9A532C1C671200A3EC84 /* SettingViewController.swift in Sources */,
				C48B9A5D2C1DAEA300A3EC84 /* UserDefaultsManager.swift in Sources */,
				C48B9A432C1C1C2C00A3EC84 /* Utils.swift in Sources */,
				C48B9A462C1C206600A3EC84 /* User.swift in Sources */,
				C423D1752C2096C5001CE395 /* SearchResultCollectionViewCell.swift in Sources */,
				C48B9A592C1C771000A3EC84 /* SettingMenuTableViewCell.swift in Sources */,
				C4A52AD92C270B870013BCDF /* UIButton+Extension.swift in Sources */,
				C48B9A552C1C733700A3EC84 /* UITabBarController+Extension.swift in Sources */,
				C423D16E2C207C04001CE395 /* API.swift in Sources */,
				C48B9A502C1C5AA800A3EC84 /* SearchViewController.swift in Sources */,
				C48B9A572C1C76DF00A3EC84 /* SettingProfileTableViewCell.swift in Sources */,
				C48B9A1F2C1B4A3D00A3EC84 /* OnboardingViewController.swift in Sources */,
				C48B9A3C2C1BF77300A3EC84 /* ProfileImageViewController.swift in Sources */,
				C4A52AD62C26E6D50013BCDF /* NetworkManager.swift in Sources */,
				C48B9A612C1DFD5A00A3EC84 /* EditProfileImageViewController.swift in Sources */,
				C48B9A222C1B4E7400A3EC84 /* PointButton.swift in Sources */,
				C48B9A372C1B616800A3EC84 /* UIViewController+Extension.swift in Sources */,
				C423D1732C207E5B001CE395 /* SearchResultViewController.swift in Sources */,
				C48B9A402C1C016F00A3EC84 /* TextFieldEffects+Extension.swift in Sources */,
				C48B9A4D2C1C2A3A00A3EC84 /* ReuseableProtocol.swift in Sources */,
				C423D1422C1F3FA5001CE395 /* SearchItemHeaderTableViewCell.swift in Sources */,
				C423D13C2C1F2232001CE395 /* EmptyView.swift in Sources */,
				C48B9A4A2C1C29FE00A3EC84 /* ProfileImageCollectionViewCell.swift in Sources */,
				C48B9A252C1B4EC100A3EC84 /* Constants.swift in Sources */,
				C48B9A2B2C1B4FC800A3EC84 /* UIColor+Extension.swift in Sources */,
			);
			runOnlyForDeploymentPostprocessing = 0;
		};
/* End PBXSourcesBuildPhase section */

/* Begin PBXVariantGroup section */
		C48B99EA2C1AEE5400A3EC84 /* LaunchScreen.storyboard */ = {
			isa = PBXVariantGroup;
			children = (
				C48B99EB2C1AEE5400A3EC84 /* Base */,
			);
			name = LaunchScreen.storyboard;
			sourceTree = "<group>";
		};
/* End PBXVariantGroup section */

/* Begin XCBuildConfiguration section */
		C48B99EE2C1AEE5400A3EC84 /* Debug */ = {
			isa = XCBuildConfiguration;
			buildSettings = {
				ALWAYS_SEARCH_USER_PATHS = NO;
				ASSETCATALOG_COMPILER_GENERATE_SWIFT_ASSET_SYMBOL_EXTENSIONS = YES;
				CLANG_ANALYZER_NONNULL = YES;
				CLANG_ANALYZER_NUMBER_OBJECT_CONVERSION = YES_AGGRESSIVE;
				CLANG_CXX_LANGUAGE_STANDARD = "gnu++20";
				CLANG_ENABLE_MODULES = YES;
				CLANG_ENABLE_OBJC_ARC = YES;
				CLANG_ENABLE_OBJC_WEAK = YES;
				CLANG_WARN_BLOCK_CAPTURE_AUTORELEASING = YES;
				CLANG_WARN_BOOL_CONVERSION = YES;
				CLANG_WARN_COMMA = YES;
				CLANG_WARN_CONSTANT_CONVERSION = YES;
				CLANG_WARN_DEPRECATED_OBJC_IMPLEMENTATIONS = YES;
				CLANG_WARN_DIRECT_OBJC_ISA_USAGE = YES_ERROR;
				CLANG_WARN_DOCUMENTATION_COMMENTS = YES;
				CLANG_WARN_EMPTY_BODY = YES;
				CLANG_WARN_ENUM_CONVERSION = YES;
				CLANG_WARN_INFINITE_RECURSION = YES;
				CLANG_WARN_INT_CONVERSION = YES;
				CLANG_WARN_NON_LITERAL_NULL_CONVERSION = YES;
				CLANG_WARN_OBJC_IMPLICIT_RETAIN_SELF = YES;
				CLANG_WARN_OBJC_LITERAL_CONVERSION = YES;
				CLANG_WARN_OBJC_ROOT_CLASS = YES_ERROR;
				CLANG_WARN_QUOTED_INCLUDE_IN_FRAMEWORK_HEADER = YES;
				CLANG_WARN_RANGE_LOOP_ANALYSIS = YES;
				CLANG_WARN_STRICT_PROTOTYPES = YES;
				CLANG_WARN_SUSPICIOUS_MOVE = YES;
				CLANG_WARN_UNGUARDED_AVAILABILITY = YES_AGGRESSIVE;
				CLANG_WARN_UNREACHABLE_CODE = YES;
				CLANG_WARN__DUPLICATE_METHOD_MATCH = YES;
				COPY_PHASE_STRIP = NO;
				DEBUG_INFORMATION_FORMAT = dwarf;
				ENABLE_STRICT_OBJC_MSGSEND = YES;
				ENABLE_TESTABILITY = YES;
				ENABLE_USER_SCRIPT_SANDBOXING = YES;
				GCC_C_LANGUAGE_STANDARD = gnu17;
				GCC_DYNAMIC_NO_PIC = NO;
				GCC_NO_COMMON_BLOCKS = YES;
				GCC_OPTIMIZATION_LEVEL = 0;
				GCC_PREPROCESSOR_DEFINITIONS = (
					"DEBUG=1",
					"$(inherited)",
				);
				GCC_WARN_64_TO_32_BIT_CONVERSION = YES;
				GCC_WARN_ABOUT_RETURN_TYPE = YES_ERROR;
				GCC_WARN_UNDECLARED_SELECTOR = YES;
				GCC_WARN_UNINITIALIZED_AUTOS = YES_AGGRESSIVE;
				GCC_WARN_UNUSED_FUNCTION = YES;
				GCC_WARN_UNUSED_VARIABLE = YES;
				IPHONEOS_DEPLOYMENT_TARGET = 17.5;
				LOCALIZATION_PREFERS_STRING_CATALOGS = YES;
				MTL_ENABLE_DEBUG_INFO = INCLUDE_SOURCE;
				MTL_FAST_MATH = YES;
				ONLY_ACTIVE_ARCH = YES;
				SDKROOT = iphoneos;
				SWIFT_ACTIVE_COMPILATION_CONDITIONS = "DEBUG $(inherited)";
				SWIFT_OPTIMIZATION_LEVEL = "-Onone";
			};
			name = Debug;
		};
		C48B99EF2C1AEE5400A3EC84 /* Release */ = {
			isa = XCBuildConfiguration;
			buildSettings = {
				ALWAYS_SEARCH_USER_PATHS = NO;
				ASSETCATALOG_COMPILER_GENERATE_SWIFT_ASSET_SYMBOL_EXTENSIONS = YES;
				CLANG_ANALYZER_NONNULL = YES;
				CLANG_ANALYZER_NUMBER_OBJECT_CONVERSION = YES_AGGRESSIVE;
				CLANG_CXX_LANGUAGE_STANDARD = "gnu++20";
				CLANG_ENABLE_MODULES = YES;
				CLANG_ENABLE_OBJC_ARC = YES;
				CLANG_ENABLE_OBJC_WEAK = YES;
				CLANG_WARN_BLOCK_CAPTURE_AUTORELEASING = YES;
				CLANG_WARN_BOOL_CONVERSION = YES;
				CLANG_WARN_COMMA = YES;
				CLANG_WARN_CONSTANT_CONVERSION = YES;
				CLANG_WARN_DEPRECATED_OBJC_IMPLEMENTATIONS = YES;
				CLANG_WARN_DIRECT_OBJC_ISA_USAGE = YES_ERROR;
				CLANG_WARN_DOCUMENTATION_COMMENTS = YES;
				CLANG_WARN_EMPTY_BODY = YES;
				CLANG_WARN_ENUM_CONVERSION = YES;
				CLANG_WARN_INFINITE_RECURSION = YES;
				CLANG_WARN_INT_CONVERSION = YES;
				CLANG_WARN_NON_LITERAL_NULL_CONVERSION = YES;
				CLANG_WARN_OBJC_IMPLICIT_RETAIN_SELF = YES;
				CLANG_WARN_OBJC_LITERAL_CONVERSION = YES;
				CLANG_WARN_OBJC_ROOT_CLASS = YES_ERROR;
				CLANG_WARN_QUOTED_INCLUDE_IN_FRAMEWORK_HEADER = YES;
				CLANG_WARN_RANGE_LOOP_ANALYSIS = YES;
				CLANG_WARN_STRICT_PROTOTYPES = YES;
				CLANG_WARN_SUSPICIOUS_MOVE = YES;
				CLANG_WARN_UNGUARDED_AVAILABILITY = YES_AGGRESSIVE;
				CLANG_WARN_UNREACHABLE_CODE = YES;
				CLANG_WARN__DUPLICATE_METHOD_MATCH = YES;
				COPY_PHASE_STRIP = NO;
				DEBUG_INFORMATION_FORMAT = "dwarf-with-dsym";
				ENABLE_NS_ASSERTIONS = NO;
				ENABLE_STRICT_OBJC_MSGSEND = YES;
				ENABLE_USER_SCRIPT_SANDBOXING = YES;
				GCC_C_LANGUAGE_STANDARD = gnu17;
				GCC_NO_COMMON_BLOCKS = YES;
				GCC_WARN_64_TO_32_BIT_CONVERSION = YES;
				GCC_WARN_ABOUT_RETURN_TYPE = YES_ERROR;
				GCC_WARN_UNDECLARED_SELECTOR = YES;
				GCC_WARN_UNINITIALIZED_AUTOS = YES_AGGRESSIVE;
				GCC_WARN_UNUSED_FUNCTION = YES;
				GCC_WARN_UNUSED_VARIABLE = YES;
				IPHONEOS_DEPLOYMENT_TARGET = 17.5;
				LOCALIZATION_PREFERS_STRING_CATALOGS = YES;
				MTL_ENABLE_DEBUG_INFO = NO;
				MTL_FAST_MATH = YES;
				SDKROOT = iphoneos;
				SWIFT_COMPILATION_MODE = wholemodule;
				VALIDATE_PRODUCT = YES;
			};
			name = Release;
		};
		C48B99F12C1AEE5400A3EC84 /* Debug */ = {
			isa = XCBuildConfiguration;
			buildSettings = {
				ASSETCATALOG_COMPILER_APPICON_NAME = AppIcon;
				ASSETCATALOG_COMPILER_GLOBAL_ACCENT_COLOR_NAME = AccentColor;
				CODE_SIGN_STYLE = Automatic;
				CURRENT_PROJECT_VERSION = 1;
				DEVELOPMENT_TEAM = 95Z2W8U6PK;
				GENERATE_INFOPLIST_FILE = YES;
				INFOPLIST_FILE = "meaning-out/Info.plist";
				INFOPLIST_KEY_CFBundleDisplayName = "미닝아웃";
				INFOPLIST_KEY_UIApplicationSupportsIndirectInputEvents = YES;
				INFOPLIST_KEY_UILaunchStoryboardName = LaunchScreen;
				INFOPLIST_KEY_UISupportedInterfaceOrientations = UIInterfaceOrientationPortrait;
				INFOPLIST_KEY_UISupportedInterfaceOrientations_iPad = "UIInterfaceOrientationLandscapeLeft UIInterfaceOrientationLandscapeRight UIInterfaceOrientationPortrait UIInterfaceOrientationPortraitUpsideDown";
				IPHONEOS_DEPLOYMENT_TARGET = 15.0;
				LD_RUNPATH_SEARCH_PATHS = (
					"$(inherited)",
					"@executable_path/Frameworks",
				);
				MARKETING_VERSION = 1.0;
				PRODUCT_BUNDLE_IDENTIFIER = "com.junehee.meaning-out";
				PRODUCT_NAME = "$(TARGET_NAME)";
				SUPPORTED_PLATFORMS = "iphoneos iphonesimulator";
				SUPPORTS_MACCATALYST = NO;
				SUPPORTS_MAC_DESIGNED_FOR_IPHONE_IPAD = NO;
				SUPPORTS_XR_DESIGNED_FOR_IPHONE_IPAD = NO;
				SWIFT_EMIT_LOC_STRINGS = YES;
				SWIFT_VERSION = 5.0;
				TARGETED_DEVICE_FAMILY = 1;
			};
			name = Debug;
		};
		C48B99F22C1AEE5400A3EC84 /* Release */ = {
			isa = XCBuildConfiguration;
			buildSettings = {
				ASSETCATALOG_COMPILER_APPICON_NAME = AppIcon;
				ASSETCATALOG_COMPILER_GLOBAL_ACCENT_COLOR_NAME = AccentColor;
				CODE_SIGN_STYLE = Automatic;
				CURRENT_PROJECT_VERSION = 1;
				DEVELOPMENT_TEAM = 95Z2W8U6PK;
				GENERATE_INFOPLIST_FILE = YES;
				INFOPLIST_FILE = "meaning-out/Info.plist";
				INFOPLIST_KEY_CFBundleDisplayName = "미닝아웃";
				INFOPLIST_KEY_UIApplicationSupportsIndirectInputEvents = YES;
				INFOPLIST_KEY_UILaunchStoryboardName = LaunchScreen;
				INFOPLIST_KEY_UISupportedInterfaceOrientations = UIInterfaceOrientationPortrait;
				INFOPLIST_KEY_UISupportedInterfaceOrientations_iPad = "UIInterfaceOrientationLandscapeLeft UIInterfaceOrientationLandscapeRight UIInterfaceOrientationPortrait UIInterfaceOrientationPortraitUpsideDown";
				IPHONEOS_DEPLOYMENT_TARGET = 15.0;
				LD_RUNPATH_SEARCH_PATHS = (
					"$(inherited)",
					"@executable_path/Frameworks",
				);
				MARKETING_VERSION = 1.0;
				PRODUCT_BUNDLE_IDENTIFIER = "com.junehee.meaning-out";
				PRODUCT_NAME = "$(TARGET_NAME)";
				SUPPORTED_PLATFORMS = "iphoneos iphonesimulator";
				SUPPORTS_MACCATALYST = NO;
				SUPPORTS_MAC_DESIGNED_FOR_IPHONE_IPAD = NO;
				SUPPORTS_XR_DESIGNED_FOR_IPHONE_IPAD = NO;
				SWIFT_EMIT_LOC_STRINGS = YES;
				SWIFT_VERSION = 5.0;
				TARGETED_DEVICE_FAMILY = 1;
			};
			name = Release;
		};
/* End XCBuildConfiguration section */

/* Begin XCConfigurationList section */
		C48B99D72C1AEE5300A3EC84 /* Build configuration list for PBXProject "meaning-out" */ = {
			isa = XCConfigurationList;
			buildConfigurations = (
				C48B99EE2C1AEE5400A3EC84 /* Debug */,
				C48B99EF2C1AEE5400A3EC84 /* Release */,
			);
			defaultConfigurationIsVisible = 0;
			defaultConfigurationName = Release;
		};
		C48B99F02C1AEE5400A3EC84 /* Build configuration list for PBXNativeTarget "meaning-out" */ = {
			isa = XCConfigurationList;
			buildConfigurations = (
				C48B99F12C1AEE5400A3EC84 /* Debug */,
				C48B99F22C1AEE5400A3EC84 /* Release */,
			);
			defaultConfigurationIsVisible = 0;
			defaultConfigurationName = Release;
		};
/* End XCConfigurationList section */

/* Begin XCRemoteSwiftPackageReference section */
		C423D16F2C207E0D001CE395 /* XCRemoteSwiftPackageReference "Alamofire" */ = {
			isa = XCRemoteSwiftPackageReference;
			repositoryURL = "https://github.com/Alamofire/Alamofire";
			requirement = {
				kind = upToNextMajorVersion;
				minimumVersion = 5.9.1;
			};
		};
		C423D1762C209E3D001CE395 /* XCRemoteSwiftPackageReference "Kingfisher" */ = {
			isa = XCRemoteSwiftPackageReference;
			repositoryURL = "https://github.com/onevcat/Kingfisher";
			requirement = {
				kind = upToNextMajorVersion;
				minimumVersion = 7.12.0;
			};
		};
		C48B9A2C2C1B537800A3EC84 /* XCRemoteSwiftPackageReference "SnapKit" */ = {
			isa = XCRemoteSwiftPackageReference;
			repositoryURL = "https://github.com/SnapKit/SnapKit.git";
			requirement = {
				kind = upToNextMajorVersion;
				minimumVersion = 5.7.1;
			};
		};
		C48B9A382C1B6D5300A3EC84 /* XCRemoteSwiftPackageReference "TextFieldEffects" */ = {
			isa = XCRemoteSwiftPackageReference;
			repositoryURL = "https://github.com/raulriera/TextFieldEffects.git";
			requirement = {
				kind = upToNextMajorVersion;
				minimumVersion = 1.7.0;
			};
		};
/* End XCRemoteSwiftPackageReference section */

/* Begin XCSwiftPackageProductDependency section */
		C423D1702C207E0D001CE395 /* Alamofire */ = {
			isa = XCSwiftPackageProductDependency;
			package = C423D16F2C207E0D001CE395 /* XCRemoteSwiftPackageReference "Alamofire" */;
			productName = Alamofire;
		};
		C423D1772C209E3D001CE395 /* Kingfisher */ = {
			isa = XCSwiftPackageProductDependency;
			package = C423D1762C209E3D001CE395 /* XCRemoteSwiftPackageReference "Kingfisher" */;
			productName = Kingfisher;
		};
		C48B9A2D2C1B537800A3EC84 /* SnapKit */ = {
			isa = XCSwiftPackageProductDependency;
			package = C48B9A2C2C1B537800A3EC84 /* XCRemoteSwiftPackageReference "SnapKit" */;
			productName = SnapKit;
		};
		C48B9A392C1B6D5300A3EC84 /* TextFieldEffects */ = {
			isa = XCSwiftPackageProductDependency;
			package = C48B9A382C1B6D5300A3EC84 /* XCRemoteSwiftPackageReference "TextFieldEffects" */;
			productName = TextFieldEffects;
		};
/* End XCSwiftPackageProductDependency section */
	};
	rootObject = C48B99D42C1AEE5300A3EC84 /* Project object */;
}
